
Microsoft Visual Studio Solution File, Format Version 12.00
# Visual Studio 15
VisualStudioVersion = 15.0.28307.168
MinimumVisualStudioVersion = 10.0.40219.1
Project("{2150E333-8FDC-42A3-9474-1A3956D46DE8}") = "2_stroustrup_language", "2_stroustrup_language", "{4B70CC73-E3E9-4075-B365-5CC8D4CF0B66}"
EndProject
Project("{8BC9CEB8-8B4A-11D0-8D11-00A0C91BC942}") = "000_vector", "0_stroustrup_principles\000_vector\000_vector.vcxproj", "{F8354BA3-DB06-4C6D-B0EA-5793AC13ADF0}"
EndProject
Project("{2150E333-8FDC-42A3-9474-1A3956D46DE8}") = "0_stroustrup_principles", "0_stroustrup_principles", "{FD27575C-B98B-4D0C-B631-4204024E2D97}"
EndProject
Project("{8BC9CEB8-8B4A-11D0-8D11-00A0C91BC942}") = "001_destructors_and_freestore", "0_stroustrup_principles\001_destructors_and_freestore\001_destructors_and_freestore.vcxproj", "{72B78B0B-9FC4-48F0-A781-6FAB4FE53EEF}"
EndProject
Project("{8BC9CEB8-8B4A-11D0-8D11-00A0C91BC942}") = "002_pointers_to_class_objects", "0_stroustrup_principles\002_pointers_to_class_objects\002_pointers_to_class_objects.vcxproj", "{2F035A50-89C1-4C79-85A2-DEE7D19DE6C6}"
EndProject
Project("{8BC9CEB8-8B4A-11D0-8D11-00A0C91BC942}") = "004_list", "0_stroustrup_principles\004_list\004_list.vcxproj", "{85121647-6A2F-44B9-B11A-53D639D1D154}"
EndProject
Project("{8BC9CEB8-8B4A-11D0-8D11-00A0C91BC942}") = "003_pointers_and_references", "0_stroustrup_principles\003_points_vs_references\003_points_vs_references.vcxproj", "{2116A532-4152-4ABD-BD93-145CA1BF3FED}"
EndProject
Project("{2150E333-8FDC-42A3-9474-1A3956D46DE8}") = "1_stroustrup_tour", "1_stroustrup_tour", "{17AED86E-00FC-4979-9CA2-BA3939D34334}"
EndProject
Project("{8BC9CEB8-8B4A-11D0-8D11-00A0C91BC942}") = "100_concrete_class", "1_stroustrup_tour\100_concrete_class\100_concrete_class.vcxproj", "{756BA680-124D-4A70-AE58-9CA53F43AB6E}"
EndProject
Project("{8BC9CEB8-8B4A-11D0-8D11-00A0C91BC942}") = "101_abstract_class", "1_stroustrup_tour\101_abstract_class\101_abstract_class.vcxproj", "{03931D55-18D1-4EA7-B593-E5F5764F6294}"
EndProject
Project("{8BC9CEB8-8B4A-11D0-8D11-00A0C91BC942}") = "100_Complex", "1_stroustrup_tour\100_Complex\100_Complex.vcxproj", "{CE07FBD5-83A4-412F-B4CF-9D68C716D91C}"
EndProject
Project("{8BC9CEB8-8B4A-11D0-8D11-00A0C91BC942}") = "100_Vector", "1_stroustrup_tour\100_Vector\100_Vector.vcxproj", "{E7D4F7D5-6A89-4000-9C74-48278326AC16}"
EndProject
Project("{2150E333-8FDC-42A3-9474-1A3956D46DE8}") = "misc", "misc", "{96D83774-0399-45F8-8DE4-43DE5F6FD00E}"
EndProject
Project("{2150E333-8FDC-42A3-9474-1A3956D46DE8}") = "200_oop", "200_oop", "{37781346-920B-4152-A7E8-1C7BB42E6316}"
EndProject
Project("{8BC9CEB8-8B4A-11D0-8D11-00A0C91BC942}") = "200_oop_inheritance_composition", "misc\200_oop\200_OOP_Inheritance_Composition\200_OOP_Inheritance_Composition.vcxproj", "{733D5C68-0B66-4A9C-B1FB-4F82F2F6CAED}"
EndProject
Project("{8BC9CEB8-8B4A-11D0-8D11-00A0C91BC942}") = "201_bank", "misc\200_oop\201_bank\201_bank.vcxproj", "{262D03DC-36AF-4C24-99B9-1FCB1D3336B4}"
EndProject
Project("{8BC9CEB8-8B4A-11D0-8D11-00A0C91BC942}") = "202_virtual", "misc\200_oop\202_virtual\202_virtual.vcxproj", "{99838EEC-648E-4FF3-B316-3279C57A3B2E}"
EndProject
Project("{8BC9CEB8-8B4A-11D0-8D11-00A0C91BC942}") = "203_virtual2", "misc\200_oop\203_virtual2\203_virtual2.vcxproj", "{B9E86673-34EE-46FB-BD8B-617640E483F9}"
EndProject
Global
	GlobalSection(SolutionConfigurationPlatforms) = preSolution
		Debug|x64 = Debug|x64
		Debug|x86 = Debug|x86
		Release|x64 = Release|x64
		Release|x86 = Release|x86
	EndGlobalSection
	GlobalSection(ProjectConfigurationPlatforms) = postSolution
		{F8354BA3-DB06-4C6D-B0EA-5793AC13ADF0}.Debug|x64.ActiveCfg = Debug|x64
		{F8354BA3-DB06-4C6D-B0EA-5793AC13ADF0}.Debug|x64.Build.0 = Debug|x64
		{F8354BA3-DB06-4C6D-B0EA-5793AC13ADF0}.Debug|x86.ActiveCfg = Debug|Win32
		{F8354BA3-DB06-4C6D-B0EA-5793AC13ADF0}.Debug|x86.Build.0 = Debug|Win32
		{F8354BA3-DB06-4C6D-B0EA-5793AC13ADF0}.Release|x64.ActiveCfg = Release|x64
		{F8354BA3-DB06-4C6D-B0EA-5793AC13ADF0}.Release|x64.Build.0 = Release|x64
		{F8354BA3-DB06-4C6D-B0EA-5793AC13ADF0}.Release|x86.ActiveCfg = Release|Win32
		{F8354BA3-DB06-4C6D-B0EA-5793AC13ADF0}.Release|x86.Build.0 = Release|Win32
		{72B78B0B-9FC4-48F0-A781-6FAB4FE53EEF}.Debug|x64.ActiveCfg = Debug|x64
		{72B78B0B-9FC4-48F0-A781-6FAB4FE53EEF}.Debug|x64.Build.0 = Debug|x64
		{72B78B0B-9FC4-48F0-A781-6FAB4FE53EEF}.Debug|x86.ActiveCfg = Debug|Win32
		{72B78B0B-9FC4-48F0-A781-6FAB4FE53EEF}.Debug|x86.Build.0 = Debug|Win32
		{72B78B0B-9FC4-48F0-A781-6FAB4FE53EEF}.Release|x64.ActiveCfg = Release|x64
		{72B78B0B-9FC4-48F0-A781-6FAB4FE53EEF}.Release|x64.Build.0 = Release|x64
		{72B78B0B-9FC4-48F0-A781-6FAB4FE53EEF}.Release|x86.ActiveCfg = Release|Win32
		{72B78B0B-9FC4-48F0-A781-6FAB4FE53EEF}.Release|x86.Build.0 = Release|Win32
		{2F035A50-89C1-4C79-85A2-DEE7D19DE6C6}.Debug|x64.ActiveCfg = Debug|x64
		{2F035A50-89C1-4C79-85A2-DEE7D19DE6C6}.Debug|x64.Build.0 = Debug|x64
		{2F035A50-89C1-4C79-85A2-DEE7D19DE6C6}.Debug|x86.ActiveCfg = Debug|Win32
		{2F035A50-89C1-4C79-85A2-DEE7D19DE6C6}.Debug|x86.Build.0 = Debug|Win32
		{2F035A50-89C1-4C79-85A2-DEE7D19DE6C6}.Release|x64.ActiveCfg = Release|x64
		{2F035A50-89C1-4C79-85A2-DEE7D19DE6C6}.Release|x64.Build.0 = Release|x64
		{2F035A50-89C1-4C79-85A2-DEE7D19DE6C6}.Release|x86.ActiveCfg = Release|Win32
		{2F035A50-89C1-4C79-85A2-DEE7D19DE6C6}.Release|x86.Build.0 = Release|Win32
		{85121647-6A2F-44B9-B11A-53D639D1D154}.Debug|x64.ActiveCfg = Debug|x64
		{85121647-6A2F-44B9-B11A-53D639D1D154}.Debug|x64.Build.0 = Debug|x64
		{85121647-6A2F-44B9-B11A-53D639D1D154}.Debug|x86.ActiveCfg = Debug|Win32
		{85121647-6A2F-44B9-B11A-53D639D1D154}.Debug|x86.Build.0 = Debug|Win32
		{85121647-6A2F-44B9-B11A-53D639D1D154}.Release|x64.ActiveCfg = Release|x64
		{85121647-6A2F-44B9-B11A-53D639D1D154}.Release|x64.Build.0 = Release|x64
		{85121647-6A2F-44B9-B11A-53D639D1D154}.Release|x86.ActiveCfg = Release|Win32
		{85121647-6A2F-44B9-B11A-53D639D1D154}.Release|x86.Build.0 = Release|Win32
		{2116A532-4152-4ABD-BD93-145CA1BF3FED}.Debug|x64.ActiveCfg = Debug|x64
		{2116A532-4152-4ABD-BD93-145CA1BF3FED}.Debug|x64.Build.0 = Debug|x64
		{2116A532-4152-4ABD-BD93-145CA1BF3FED}.Debug|x86.ActiveCfg = Debug|Win32
		{2116A532-4152-4ABD-BD93-145CA1BF3FED}.Debug|x86.Build.0 = Debug|Win32
		{2116A532-4152-4ABD-BD93-145CA1BF3FED}.Release|x64.ActiveCfg = Release|x64
		{2116A532-4152-4ABD-BD93-145CA1BF3FED}.Release|x64.Build.0 = Release|x64
		{2116A532-4152-4ABD-BD93-145CA1BF3FED}.Release|x86.ActiveCfg = Release|Win32
		{2116A532-4152-4ABD-BD93-145CA1BF3FED}.Release|x86.Build.0 = Release|Win32
		{756BA680-124D-4A70-AE58-9CA53F43AB6E}.Debug|x64.ActiveCfg = Debug|x64
		{756BA680-124D-4A70-AE58-9CA53F43AB6E}.Debug|x64.Build.0 = Debug|x64
		{756BA680-124D-4A70-AE58-9CA53F43AB6E}.Debug|x86.ActiveCfg = Debug|Win32
		{756BA680-124D-4A70-AE58-9CA53F43AB6E}.Debug|x86.Build.0 = Debug|Win32
		{756BA680-124D-4A70-AE58-9CA53F43AB6E}.Release|x64.ActiveCfg = Release|x64
		{756BA680-124D-4A70-AE58-9CA53F43AB6E}.Release|x64.Build.0 = Release|x64
		{756BA680-124D-4A70-AE58-9CA53F43AB6E}.Release|x86.ActiveCfg = Release|Win32
		{756BA680-124D-4A70-AE58-9CA53F43AB6E}.Release|x86.Build.0 = Release|Win32
		{03931D55-18D1-4EA7-B593-E5F5764F6294}.Debug|x64.ActiveCfg = Debug|x64
		{03931D55-18D1-4EA7-B593-E5F5764F6294}.Debug|x64.Build.0 = Debug|x64
		{03931D55-18D1-4EA7-B593-E5F5764F6294}.Debug|x86.ActiveCfg = Debug|Win32
		{03931D55-18D1-4EA7-B593-E5F5764F6294}.Debug|x86.Build.0 = Debug|Win32
		{03931D55-18D1-4EA7-B593-E5F5764F6294}.Release|x64.ActiveCfg = Release|x64
		{03931D55-18D1-4EA7-B593-E5F5764F6294}.Release|x64.Build.0 = Release|x64
		{03931D55-18D1-4EA7-B593-E5F5764F6294}.Release|x86.ActiveCfg = Release|Win32
		{03931D55-18D1-4EA7-B593-E5F5764F6294}.Release|x86.Build.0 = Release|Win32
		{CE07FBD5-83A4-412F-B4CF-9D68C716D91C}.Debug|x64.ActiveCfg = Debug|x64
		{CE07FBD5-83A4-412F-B4CF-9D68C716D91C}.Debug|x64.Build.0 = Debug|x64
		{CE07FBD5-83A4-412F-B4CF-9D68C716D91C}.Debug|x86.ActiveCfg = Debug|Win32
		{CE07FBD5-83A4-412F-B4CF-9D68C716D91C}.Debug|x86.Build.0 = Debug|Win32
		{CE07FBD5-83A4-412F-B4CF-9D68C716D91C}.Release|x64.ActiveCfg = Release|x64
		{CE07FBD5-83A4-412F-B4CF-9D68C716D91C}.Release|x64.Build.0 = Release|x64
		{CE07FBD5-83A4-412F-B4CF-9D68C716D91C}.Release|x86.ActiveCfg = Release|Win32
		{CE07FBD5-83A4-412F-B4CF-9D68C716D91C}.Release|x86.Build.0 = Release|Win32
		{E7D4F7D5-6A89-4000-9C74-48278326AC16}.Debug|x64.ActiveCfg = Debug|x64
		{E7D4F7D5-6A89-4000-9C74-48278326AC16}.Debug|x64.Build.0 = Debug|x64
		{E7D4F7D5-6A89-4000-9C74-48278326AC16}.Debug|x86.ActiveCfg = Debug|Win32
		{E7D4F7D5-6A89-4000-9C74-48278326AC16}.Debug|x86.Build.0 = Debug|Win32
		{E7D4F7D5-6A89-4000-9C74-48278326AC16}.Release|x64.ActiveCfg = Release|x64
		{E7D4F7D5-6A89-4000-9C74-48278326AC16}.Release|x64.Build.0 = Release|x64
		{E7D4F7D5-6A89-4000-9C74-48278326AC16}.Release|x86.ActiveCfg = Release|Win32
		{E7D4F7D5-6A89-4000-9C74-48278326AC16}.Release|x86.Build.0 = Release|Win32
		{733D5C68-0B66-4A9C-B1FB-4F82F2F6CAED}.Debug|x64.ActiveCfg = Debug|x64
		{733D5C68-0B66-4A9C-B1FB-4F82F2F6CAED}.Debug|x64.Build.0 = Debug|x64
		{733D5C68-0B66-4A9C-B1FB-4F82F2F6CAED}.Debug|x86.ActiveCfg = Debug|Win32
		{733D5C68-0B66-4A9C-B1FB-4F82F2F6CAED}.Debug|x86.Build.0 = Debug|Win32
		{733D5C68-0B66-4A9C-B1FB-4F82F2F6CAED}.Release|x64.ActiveCfg = Release|x64
		{733D5C68-0B66-4A9C-B1FB-4F82F2F6CAED}.Release|x64.Build.0 = Release|x64
		{733D5C68-0B66-4A9C-B1FB-4F82F2F6CAED}.Release|x86.ActiveCfg = Release|Win32
		{733D5C68-0B66-4A9C-B1FB-4F82F2F6CAED}.Release|x86.Build.0 = Release|Win32
		{262D03DC-36AF-4C24-99B9-1FCB1D3336B4}.Debug|x64.ActiveCfg = Debug|x64
		{262D03DC-36AF-4C24-99B9-1FCB1D3336B4}.Debug|x64.Build.0 = Debug|x64
		{262D03DC-36AF-4C24-99B9-1FCB1D3336B4}.Debug|x86.ActiveCfg = Debug|Win32
		{262D03DC-36AF-4C24-99B9-1FCB1D3336B4}.Debug|x86.Build.0 = Debug|Win32
		{262D03DC-36AF-4C24-99B9-1FCB1D3336B4}.Release|x64.ActiveCfg = Release|x64
		{262D03DC-36AF-4C24-99B9-1FCB1D3336B4}.Release|x64.Build.0 = Release|x64
		{262D03DC-36AF-4C24-99B9-1FCB1D3336B4}.Release|x86.ActiveCfg = Release|Win32
		{262D03DC-36AF-4C24-99B9-1FCB1D3336B4}.Release|x86.Build.0 = Release|Win32
		{99838EEC-648E-4FF3-B316-3279C57A3B2E}.Debug|x64.ActiveCfg = Debug|x64
		{99838EEC-648E-4FF3-B316-3279C57A3B2E}.Debug|x64.Build.0 = Debug|x64
		{99838EEC-648E-4FF3-B316-3279C57A3B2E}.Debug|x86.ActiveCfg = Debug|Win32
		{99838EEC-648E-4FF3-B316-3279C57A3B2E}.Debug|x86.Build.0 = Debug|Win32
		{99838EEC-648E-4FF3-B316-3279C57A3B2E}.Release|x64.ActiveCfg = Release|x64
		{99838EEC-648E-4FF3-B316-3279C57A3B2E}.Release|x64.Build.0 = Release|x64
		{99838EEC-648E-4FF3-B316-3279C57A3B2E}.Release|x86.ActiveCfg = Release|Win32
		{99838EEC-648E-4FF3-B316-3279C57A3B2E}.Release|x86.Build.0 = Release|Win32
		{B9E86673-34EE-46FB-BD8B-617640E483F9}.Debug|x64.ActiveCfg = Debug|x64
		{B9E86673-34EE-46FB-BD8B-617640E483F9}.Debug|x64.Build.0 = Debug|x64
		{B9E86673-34EE-46FB-BD8B-617640E483F9}.Debug|x86.ActiveCfg = Debug|Win32
		{B9E86673-34EE-46FB-BD8B-617640E483F9}.Debug|x86.Build.0 = Debug|Win32
		{B9E86673-34EE-46FB-BD8B-617640E483F9}.Release|x64.ActiveCfg = Release|x64
		{B9E86673-34EE-46FB-BD8B-617640E483F9}.Release|x64.Build.0 = Release|x64
		{B9E86673-34EE-46FB-BD8B-617640E483F9}.Release|x86.ActiveCfg = Release|Win32
		{B9E86673-34EE-46FB-BD8B-617640E483F9}.Release|x86.Build.0 = Release|Win32
	EndGlobalSection
	GlobalSection(SolutionProperties) = preSolution
		HideSolutionNode = FALSE
	EndGlobalSection
	GlobalSection(NestedProjects) = preSolution
		{F8354BA3-DB06-4C6D-B0EA-5793AC13ADF0} = {FD27575C-B98B-4D0C-B631-4204024E2D97}
		{72B78B0B-9FC4-48F0-A781-6FAB4FE53EEF} = {FD27575C-B98B-4D0C-B631-4204024E2D97}
		{2F035A50-89C1-4C79-85A2-DEE7D19DE6C6} = {FD27575C-B98B-4D0C-B631-4204024E2D97}
		{85121647-6A2F-44B9-B11A-53D639D1D154} = {FD27575C-B98B-4D0C-B631-4204024E2D97}
		{2116A532-4152-4ABD-BD93-145CA1BF3FED} = {FD27575C-B98B-4D0C-B631-4204024E2D97}
		{756BA680-124D-4A70-AE58-9CA53F43AB6E} = {17AED86E-00FC-4979-9CA2-BA3939D34334}
		{03931D55-18D1-4EA7-B593-E5F5764F6294} = {17AED86E-00FC-4979-9CA2-BA3939D34334}
		{CE07FBD5-83A4-412F-B4CF-9D68C716D91C} = {17AED86E-00FC-4979-9CA2-BA3939D34334}
		{E7D4F7D5-6A89-4000-9C74-48278326AC16} = {17AED86E-00FC-4979-9CA2-BA3939D34334}
		{37781346-920B-4152-A7E8-1C7BB42E6316} = {96D83774-0399-45F8-8DE4-43DE5F6FD00E}
		{733D5C68-0B66-4A9C-B1FB-4F82F2F6CAED} = {37781346-920B-4152-A7E8-1C7BB42E6316}
		{262D03DC-36AF-4C24-99B9-1FCB1D3336B4} = {37781346-920B-4152-A7E8-1C7BB42E6316}
		{99838EEC-648E-4FF3-B316-3279C57A3B2E} = {37781346-920B-4152-A7E8-1C7BB42E6316}
		{B9E86673-34EE-46FB-BD8B-617640E483F9} = {37781346-920B-4152-A7E8-1C7BB42E6316}
	EndGlobalSection
	GlobalSection(ExtensibilityGlobals) = postSolution
		SolutionGuid = {8A81BC72-C5B8-475E-943A-7889CC8AE3D9}
	EndGlobalSection
EndGlobal
