
Microsoft Visual Studio Solution File, Format Version 12.00
# Visual Studio 15
VisualStudioVersion = 15.0.28307.168
MinimumVisualStudioVersion = 10.0.40219.1
Project("{2150E333-8FDC-42A3-9474-1A3956D46DE8}") = "2_stroustrup_language", "2_stroustrup_language", "{4B70CC73-E3E9-4075-B365-5CC8D4CF0B66}"
EndProject
Project("{8BC9CEB8-8B4A-11D0-8D11-00A0C91BC942}") = "000_vector", "0_stroustrup_principles\000_vector\000_vector.vcxproj", "{F8354BA3-DB06-4C6D-B0EA-5793AC13ADF0}"
EndProject
Project("{2150E333-8FDC-42A3-9474-1A3956D46DE8}") = "0_stroustrup_principles", "0_stroustrup_principles", "{FD27575C-B98B-4D0C-B631-4204024E2D97}"
EndProject
Project("{8BC9CEB8-8B4A-11D0-8D11-00A0C91BC942}") = "001_destructors_and_freestore", "0_stroustrup_principles\001_destructors_and_freestore\001_destructors_and_freestore.vcxproj", "{72B78B0B-9FC4-48F0-A781-6FAB4FE53EEF}"
EndProject
Project("{8BC9CEB8-8B4A-11D0-8D11-00A0C91BC942}") = "002_pointers_to_class_objects", "0_stroustrup_principles\002_pointers_to_class_objects\002_pointers_to_class_objects.vcxproj", "{2F035A50-89C1-4C79-85A2-DEE7D19DE6C6}"
EndProject
Project("{8BC9CEB8-8B4A-11D0-8D11-00A0C91BC942}") = "004_list", "0_stroustrup_principles\004_list\004_list.vcxproj", "{85121647-6A2F-44B9-B11A-53D639D1D154}"
EndProject
Project("{8BC9CEB8-8B4A-11D0-8D11-00A0C91BC942}") = "003_pointers_and_references", "0_stroustrup_principles\003_points_vs_references\003_points_vs_references.vcxproj", "{2116A532-4152-4ABD-BD93-145CA1BF3FED}"
EndProject
Project("{2150E333-8FDC-42A3-9474-1A3956D46DE8}") = "1_stroustrup_tour", "1_stroustrup_tour", "{17AED86E-00FC-4979-9CA2-BA3939D34334}"
EndProject
Project("{8BC9CEB8-8B4A-11D0-8D11-00A0C91BC942}") = "100_concrete_class", "1_stroustrup_tour\100_concrete_class\100_concrete_class.vcxproj", "{756BA680-124D-4A70-AE58-9CA53F43AB6E}"
EndProject
Project("{8BC9CEB8-8B4A-11D0-8D11-00A0C91BC942}") = "101_abstract_class", "1_stroustrup_tour\101_abstract_class\101_abstract_class.vcxproj", "{03931D55-18D1-4EA7-B593-E5F5764F6294}"
EndProject
Project("{8BC9CEB8-8B4A-11D0-8D11-00A0C91BC942}") = "100_Complex", "1_stroustrup_tour\100_Complex\100_Complex.vcxproj", "{CE07FBD5-83A4-412F-B4CF-9D68C716D91C}"
EndProject
Project("{8BC9CEB8-8B4A-11D0-8D11-00A0C91BC942}") = "100_Vector", "1_stroustrup_tour\100_Vector\100_Vector.vcxproj", "{E7D4F7D5-6A89-4000-9C74-48278326AC16}"
EndProject
Project("{2150E333-8FDC-42A3-9474-1A3956D46DE8}") = "misc", "misc", "{96D83774-0399-45F8-8DE4-43DE5F6FD00E}"
EndProject
Project("{2150E333-8FDC-42A3-9474-1A3956D46DE8}") = "2_oop", "2_oop", "{37781346-920B-4152-A7E8-1C7BB42E6316}"
EndProject
Project("{8BC9CEB8-8B4A-11D0-8D11-00A0C91BC942}") = "600_Function-Pointers", "misc\6_Lambda-Expressions\600_Function-Pointers\600_Function-Pointers.vcxproj", "{8E56F2B5-6A54-41CB-A7DD-2CE971D7983F}"
EndProject
Project("{2150E333-8FDC-42A3-9474-1A3956D46DE8}") = "6_Lambda-Expressions", "6_Lambda-Expressions", "{D0256A82-D3EB-4F17-9215-64B110291943}"
EndProject
Project("{8BC9CEB8-8B4A-11D0-8D11-00A0C91BC942}") = "203_virtual2", "misc\2_oop\203_virtual2\203_virtual2.vcxproj", "{B9E86673-34EE-46FB-BD8B-617640E483F9}"
EndProject
Project("{8BC9CEB8-8B4A-11D0-8D11-00A0C91BC942}") = "601_Callbacks-Function_Pointers", "misc\6_Lambda-Expressions\601_Callbacks-Function_Pointers\601_Callbacks-Function_Pointers.vcxproj", "{F8979F5E-4CE3-49E6-B6A9-ABE06827735A}"
EndProject
Project("{8BC9CEB8-8B4A-11D0-8D11-00A0C91BC942}") = "602_Callbacks-Function_Objects", "misc\6_Lambda-Expressions\602_Callbacks-Function_Objects\602_Callbacks-Function_Objects.vcxproj", "{58448F6C-D62E-4A1E-9E7E-05B3D61A1B5A}"
EndProject
Project("{8BC9CEB8-8B4A-11D0-8D11-00A0C91BC942}") = "603_Lambdas", "misc\6_Lambda-Expressions\603_Lambdas\603_Lambdas.vcxproj", "{6D23AC78-8152-4EC8-8F6B-1FABAA58736A}"
EndProject
Project("{8BC9CEB8-8B4A-11D0-8D11-00A0C91BC942}") = "604_Lambda_Capture_List", "misc\6_Lambda-Expressions\604_Lambda_Capture_List\604_Lambda_Capture_List.vcxproj", "{2D1E879A-9394-4EC6-A9FF-9CC6144505A7}"
EndProject
Project("{8BC9CEB8-8B4A-11D0-8D11-00A0C91BC942}") = "600_Function-Pointers_2", "misc\6_Lambda-Expressions\600_Function-Pointers_2\600_Function-Pointers_2.vcxproj", "{19D81DB0-57EC-4603-B795-BDD9D0AA5B44}"
EndProject
Project("{2150E333-8FDC-42A3-9474-1A3956D46DE8}") = "5_Templates", "5_Templates", "{C72DAD0D-5166-40F0-8B5B-B09F090EE8C0}"
EndProject
Project("{8BC9CEB8-8B4A-11D0-8D11-00A0C91BC942}") = "500_Templates", "misc\5_Templates\500_Templates\500_Templates.vcxproj", "{FFC7E425-0CA5-4374-AEEB-77E7FA825A20}"
EndProject
Project("{2150E333-8FDC-42A3-9474-1A3956D46DE8}") = "0_Basic-Language-Facilities", "0_Basic-Language-Facilities", "{63BB49FF-66E6-418C-86C1-957C92B5F31E}"
EndProject
Project("{8BC9CEB8-8B4A-11D0-8D11-00A0C91BC942}") = "501_Arg-Deduction_Instantiation", "misc\5_Templates\501_Arg-Deduction_Instantiation\501_Arg-Deduction_Instantiation.vcxproj", "{EF6A901A-B455-4778-B4A2-570907303AE0}"
EndProject
Project("{8BC9CEB8-8B4A-11D0-8D11-00A0C91BC942}") = "610_higher_order_functions_0", "misc\6_Lambda-Expressions\610_higher_order_functions_0\610_higher_order_functions_0.vcxproj", "{E1F90F07-1C76-4CAF-AB9D-346C74A28A56}"
EndProject
Project("{2150E333-8FDC-42A3-9474-1A3956D46DE8}") = "0_Basics", "0_Basics", "{365908AA-FC1B-4EEE-B6FD-7C822098917E}"
EndProject
Project("{2150E333-8FDC-42A3-9474-1A3956D46DE8}") = "1_Memory-Management", "1_Memory-Management", "{3027787D-E4B6-4A0C-98C9-583EB2940E2A}"
EndProject
Project("{2150E333-8FDC-42A3-9474-1A3956D46DE8}") = "2_Classes-and-Objects", "2_Classes-and-Objects", "{1A3DF828-0BA2-4731-B6F6-ED6E6F934C48}"
EndProject
Project("{2150E333-8FDC-42A3-9474-1A3956D46DE8}") = "3_Operator-Overloading", "3_Operator-Overloading", "{D818B2AF-4A8A-4F60-AD0F-BD809D5D9176}"
EndProject
Project("{2150E333-8FDC-42A3-9474-1A3956D46DE8}") = "4_Data-Structures", "4_Data-Structures", "{AFABB5B2-2538-41F4-8800-7F83B5D79E7A}"
EndProject
Project("{8BC9CEB8-8B4A-11D0-8D11-00A0C91BC942}") = "000_mD-arrays", "misc\0_Basic-Language-Facilities\4_Data-Structures\000_mD-arrays\000_mD-arrays.vcxproj", "{C2F0259B-EDB5-4BDF-9551-0A05E67FE98A}"
EndProject
Project("{8BC9CEB8-8B4A-11D0-8D11-00A0C91BC942}") = "00_Operator-Overloading_intro", "misc\0_Basic-Language-Facilities\3_Operator-Overloading\00_Operator-Overloading_intro\00_Operator-Overloading_intro.vcxproj", "{8845A778-02A6-4C31-B15A-9B1C08F0CB5F}"
EndProject
Project("{8BC9CEB8-8B4A-11D0-8D11-00A0C91BC942}") = "04_this-pointer", "misc\0_Basic-Language-Facilities\2_Classes-and-Objects\04_this-pointer\04_this-pointer.vcxproj", "{255E2DB4-03D7-4F91-AF1D-194C01C4FCCF}"
EndProject
Project("{8BC9CEB8-8B4A-11D0-8D11-00A0C91BC942}") = "600_Function-Pointers_3", "misc\6_Lambda-Expressions\600_Function-Pointers_3\600_Function-Pointers_3.vcxproj", "{F770B79F-74B7-441E-A20E-7D2BF7505E23}"
EndProject
Project("{8BC9CEB8-8B4A-11D0-8D11-00A0C91BC942}") = "603_Lambdas_2", "misc\6_Lambda-Expressions\603_Lambdas_2\603_Lambdas_2.vcxproj", "{60C6E1C4-F39A-41A5-8DE9-FCC94A38950A}"
EndProject
Project("{8BC9CEB8-8B4A-11D0-8D11-00A0C91BC942}") = "502_Explicit-Specialization", "misc\5_Templates\502_Explicit-Specialization\502_Explicit-Specialization.vcxproj", "{96C186E4-E94B-4DAB-839C-83288E96ED60}"
EndProject
Project("{8BC9CEB8-8B4A-11D0-8D11-00A0C91BC942}") = "204_inheritance_1", "misc\2_oop\204_inheritance_1\204_inheritance_1.vcxproj", "{591089B3-BF69-4E77-AEB9-6B25525FAEA8}"
EndProject
Project("{8BC9CEB8-8B4A-11D0-8D11-00A0C91BC942}") = "203_virtual_3__", "misc\2_oop\203_virtual_3__\203_virtual_3__.vcxproj", "{9157AFFE-BC8E-4EFE-98BF-E5E323723FB2}"
EndProject
Global
	GlobalSection(SolutionConfigurationPlatforms) = preSolution
		Debug|x64 = Debug|x64
		Debug|x86 = Debug|x86
		Release|x64 = Release|x64
		Release|x86 = Release|x86
	EndGlobalSection
	GlobalSection(ProjectConfigurationPlatforms) = postSolution
		{F8354BA3-DB06-4C6D-B0EA-5793AC13ADF0}.Debug|x64.ActiveCfg = Debug|x64
		{F8354BA3-DB06-4C6D-B0EA-5793AC13ADF0}.Debug|x64.Build.0 = Debug|x64
		{F8354BA3-DB06-4C6D-B0EA-5793AC13ADF0}.Debug|x86.ActiveCfg = Debug|Win32
		{F8354BA3-DB06-4C6D-B0EA-5793AC13ADF0}.Debug|x86.Build.0 = Debug|Win32
		{F8354BA3-DB06-4C6D-B0EA-5793AC13ADF0}.Release|x64.ActiveCfg = Release|x64
		{F8354BA3-DB06-4C6D-B0EA-5793AC13ADF0}.Release|x64.Build.0 = Release|x64
		{F8354BA3-DB06-4C6D-B0EA-5793AC13ADF0}.Release|x86.ActiveCfg = Release|Win32
		{F8354BA3-DB06-4C6D-B0EA-5793AC13ADF0}.Release|x86.Build.0 = Release|Win32
		{72B78B0B-9FC4-48F0-A781-6FAB4FE53EEF}.Debug|x64.ActiveCfg = Debug|x64
		{72B78B0B-9FC4-48F0-A781-6FAB4FE53EEF}.Debug|x64.Build.0 = Debug|x64
		{72B78B0B-9FC4-48F0-A781-6FAB4FE53EEF}.Debug|x86.ActiveCfg = Debug|Win32
		{72B78B0B-9FC4-48F0-A781-6FAB4FE53EEF}.Debug|x86.Build.0 = Debug|Win32
		{72B78B0B-9FC4-48F0-A781-6FAB4FE53EEF}.Release|x64.ActiveCfg = Release|x64
		{72B78B0B-9FC4-48F0-A781-6FAB4FE53EEF}.Release|x64.Build.0 = Release|x64
		{72B78B0B-9FC4-48F0-A781-6FAB4FE53EEF}.Release|x86.ActiveCfg = Release|Win32
		{72B78B0B-9FC4-48F0-A781-6FAB4FE53EEF}.Release|x86.Build.0 = Release|Win32
		{2F035A50-89C1-4C79-85A2-DEE7D19DE6C6}.Debug|x64.ActiveCfg = Debug|x64
		{2F035A50-89C1-4C79-85A2-DEE7D19DE6C6}.Debug|x64.Build.0 = Debug|x64
		{2F035A50-89C1-4C79-85A2-DEE7D19DE6C6}.Debug|x86.ActiveCfg = Debug|Win32
		{2F035A50-89C1-4C79-85A2-DEE7D19DE6C6}.Debug|x86.Build.0 = Debug|Win32
		{2F035A50-89C1-4C79-85A2-DEE7D19DE6C6}.Release|x64.ActiveCfg = Release|x64
		{2F035A50-89C1-4C79-85A2-DEE7D19DE6C6}.Release|x64.Build.0 = Release|x64
		{2F035A50-89C1-4C79-85A2-DEE7D19DE6C6}.Release|x86.ActiveCfg = Release|Win32
		{2F035A50-89C1-4C79-85A2-DEE7D19DE6C6}.Release|x86.Build.0 = Release|Win32
		{85121647-6A2F-44B9-B11A-53D639D1D154}.Debug|x64.ActiveCfg = Debug|x64
		{85121647-6A2F-44B9-B11A-53D639D1D154}.Debug|x64.Build.0 = Debug|x64
		{85121647-6A2F-44B9-B11A-53D639D1D154}.Debug|x86.ActiveCfg = Debug|Win32
		{85121647-6A2F-44B9-B11A-53D639D1D154}.Debug|x86.Build.0 = Debug|Win32
		{85121647-6A2F-44B9-B11A-53D639D1D154}.Release|x64.ActiveCfg = Release|x64
		{85121647-6A2F-44B9-B11A-53D639D1D154}.Release|x64.Build.0 = Release|x64
		{85121647-6A2F-44B9-B11A-53D639D1D154}.Release|x86.ActiveCfg = Release|Win32
		{85121647-6A2F-44B9-B11A-53D639D1D154}.Release|x86.Build.0 = Release|Win32
		{2116A532-4152-4ABD-BD93-145CA1BF3FED}.Debug|x64.ActiveCfg = Debug|x64
		{2116A532-4152-4ABD-BD93-145CA1BF3FED}.Debug|x64.Build.0 = Debug|x64
		{2116A532-4152-4ABD-BD93-145CA1BF3FED}.Debug|x86.ActiveCfg = Debug|Win32
		{2116A532-4152-4ABD-BD93-145CA1BF3FED}.Debug|x86.Build.0 = Debug|Win32
		{2116A532-4152-4ABD-BD93-145CA1BF3FED}.Release|x64.ActiveCfg = Release|x64
		{2116A532-4152-4ABD-BD93-145CA1BF3FED}.Release|x64.Build.0 = Release|x64
		{2116A532-4152-4ABD-BD93-145CA1BF3FED}.Release|x86.ActiveCfg = Release|Win32
		{2116A532-4152-4ABD-BD93-145CA1BF3FED}.Release|x86.Build.0 = Release|Win32
		{756BA680-124D-4A70-AE58-9CA53F43AB6E}.Debug|x64.ActiveCfg = Debug|x64
		{756BA680-124D-4A70-AE58-9CA53F43AB6E}.Debug|x64.Build.0 = Debug|x64
		{756BA680-124D-4A70-AE58-9CA53F43AB6E}.Debug|x86.ActiveCfg = Debug|Win32
		{756BA680-124D-4A70-AE58-9CA53F43AB6E}.Debug|x86.Build.0 = Debug|Win32
		{756BA680-124D-4A70-AE58-9CA53F43AB6E}.Release|x64.ActiveCfg = Release|x64
		{756BA680-124D-4A70-AE58-9CA53F43AB6E}.Release|x64.Build.0 = Release|x64
		{756BA680-124D-4A70-AE58-9CA53F43AB6E}.Release|x86.ActiveCfg = Release|Win32
		{756BA680-124D-4A70-AE58-9CA53F43AB6E}.Release|x86.Build.0 = Release|Win32
		{03931D55-18D1-4EA7-B593-E5F5764F6294}.Debug|x64.ActiveCfg = Debug|x64
		{03931D55-18D1-4EA7-B593-E5F5764F6294}.Debug|x64.Build.0 = Debug|x64
		{03931D55-18D1-4EA7-B593-E5F5764F6294}.Debug|x86.ActiveCfg = Debug|Win32
		{03931D55-18D1-4EA7-B593-E5F5764F6294}.Debug|x86.Build.0 = Debug|Win32
		{03931D55-18D1-4EA7-B593-E5F5764F6294}.Release|x64.ActiveCfg = Release|x64
		{03931D55-18D1-4EA7-B593-E5F5764F6294}.Release|x64.Build.0 = Release|x64
		{03931D55-18D1-4EA7-B593-E5F5764F6294}.Release|x86.ActiveCfg = Release|Win32
		{03931D55-18D1-4EA7-B593-E5F5764F6294}.Release|x86.Build.0 = Release|Win32
		{CE07FBD5-83A4-412F-B4CF-9D68C716D91C}.Debug|x64.ActiveCfg = Debug|x64
		{CE07FBD5-83A4-412F-B4CF-9D68C716D91C}.Debug|x64.Build.0 = Debug|x64
		{CE07FBD5-83A4-412F-B4CF-9D68C716D91C}.Debug|x86.ActiveCfg = Debug|Win32
		{CE07FBD5-83A4-412F-B4CF-9D68C716D91C}.Debug|x86.Build.0 = Debug|Win32
		{CE07FBD5-83A4-412F-B4CF-9D68C716D91C}.Release|x64.ActiveCfg = Release|x64
		{CE07FBD5-83A4-412F-B4CF-9D68C716D91C}.Release|x64.Build.0 = Release|x64
		{CE07FBD5-83A4-412F-B4CF-9D68C716D91C}.Release|x86.ActiveCfg = Release|Win32
		{CE07FBD5-83A4-412F-B4CF-9D68C716D91C}.Release|x86.Build.0 = Release|Win32
		{E7D4F7D5-6A89-4000-9C74-48278326AC16}.Debug|x64.ActiveCfg = Debug|x64
		{E7D4F7D5-6A89-4000-9C74-48278326AC16}.Debug|x64.Build.0 = Debug|x64
		{E7D4F7D5-6A89-4000-9C74-48278326AC16}.Debug|x86.ActiveCfg = Debug|Win32
		{E7D4F7D5-6A89-4000-9C74-48278326AC16}.Debug|x86.Build.0 = Debug|Win32
		{E7D4F7D5-6A89-4000-9C74-48278326AC16}.Release|x64.ActiveCfg = Release|x64
		{E7D4F7D5-6A89-4000-9C74-48278326AC16}.Release|x64.Build.0 = Release|x64
		{E7D4F7D5-6A89-4000-9C74-48278326AC16}.Release|x86.ActiveCfg = Release|Win32
		{E7D4F7D5-6A89-4000-9C74-48278326AC16}.Release|x86.Build.0 = Release|Win32
		{8E56F2B5-6A54-41CB-A7DD-2CE971D7983F}.Debug|x64.ActiveCfg = Debug|x64
		{8E56F2B5-6A54-41CB-A7DD-2CE971D7983F}.Debug|x64.Build.0 = Debug|x64
		{8E56F2B5-6A54-41CB-A7DD-2CE971D7983F}.Debug|x86.ActiveCfg = Debug|Win32
		{8E56F2B5-6A54-41CB-A7DD-2CE971D7983F}.Debug|x86.Build.0 = Debug|Win32
		{8E56F2B5-6A54-41CB-A7DD-2CE971D7983F}.Release|x64.ActiveCfg = Release|x64
		{8E56F2B5-6A54-41CB-A7DD-2CE971D7983F}.Release|x64.Build.0 = Release|x64
		{8E56F2B5-6A54-41CB-A7DD-2CE971D7983F}.Release|x86.ActiveCfg = Release|Win32
		{8E56F2B5-6A54-41CB-A7DD-2CE971D7983F}.Release|x86.Build.0 = Release|Win32
		{B9E86673-34EE-46FB-BD8B-617640E483F9}.Debug|x64.ActiveCfg = Debug|x64
		{B9E86673-34EE-46FB-BD8B-617640E483F9}.Debug|x64.Build.0 = Debug|x64
		{B9E86673-34EE-46FB-BD8B-617640E483F9}.Debug|x86.ActiveCfg = Debug|Win32
		{B9E86673-34EE-46FB-BD8B-617640E483F9}.Debug|x86.Build.0 = Debug|Win32
		{B9E86673-34EE-46FB-BD8B-617640E483F9}.Release|x64.ActiveCfg = Release|x64
		{B9E86673-34EE-46FB-BD8B-617640E483F9}.Release|x64.Build.0 = Release|x64
		{B9E86673-34EE-46FB-BD8B-617640E483F9}.Release|x86.ActiveCfg = Release|Win32
		{B9E86673-34EE-46FB-BD8B-617640E483F9}.Release|x86.Build.0 = Release|Win32
		{F8979F5E-4CE3-49E6-B6A9-ABE06827735A}.Debug|x64.ActiveCfg = Debug|x64
		{F8979F5E-4CE3-49E6-B6A9-ABE06827735A}.Debug|x64.Build.0 = Debug|x64
		{F8979F5E-4CE3-49E6-B6A9-ABE06827735A}.Debug|x86.ActiveCfg = Debug|Win32
		{F8979F5E-4CE3-49E6-B6A9-ABE06827735A}.Debug|x86.Build.0 = Debug|Win32
		{F8979F5E-4CE3-49E6-B6A9-ABE06827735A}.Release|x64.ActiveCfg = Release|x64
		{F8979F5E-4CE3-49E6-B6A9-ABE06827735A}.Release|x64.Build.0 = Release|x64
		{F8979F5E-4CE3-49E6-B6A9-ABE06827735A}.Release|x86.ActiveCfg = Release|Win32
		{F8979F5E-4CE3-49E6-B6A9-ABE06827735A}.Release|x86.Build.0 = Release|Win32
		{58448F6C-D62E-4A1E-9E7E-05B3D61A1B5A}.Debug|x64.ActiveCfg = Debug|x64
		{58448F6C-D62E-4A1E-9E7E-05B3D61A1B5A}.Debug|x64.Build.0 = Debug|x64
		{58448F6C-D62E-4A1E-9E7E-05B3D61A1B5A}.Debug|x86.ActiveCfg = Debug|Win32
		{58448F6C-D62E-4A1E-9E7E-05B3D61A1B5A}.Debug|x86.Build.0 = Debug|Win32
		{58448F6C-D62E-4A1E-9E7E-05B3D61A1B5A}.Release|x64.ActiveCfg = Release|x64
		{58448F6C-D62E-4A1E-9E7E-05B3D61A1B5A}.Release|x64.Build.0 = Release|x64
		{58448F6C-D62E-4A1E-9E7E-05B3D61A1B5A}.Release|x86.ActiveCfg = Release|Win32
		{58448F6C-D62E-4A1E-9E7E-05B3D61A1B5A}.Release|x86.Build.0 = Release|Win32
		{6D23AC78-8152-4EC8-8F6B-1FABAA58736A}.Debug|x64.ActiveCfg = Debug|x64
		{6D23AC78-8152-4EC8-8F6B-1FABAA58736A}.Debug|x64.Build.0 = Debug|x64
		{6D23AC78-8152-4EC8-8F6B-1FABAA58736A}.Debug|x86.ActiveCfg = Debug|Win32
		{6D23AC78-8152-4EC8-8F6B-1FABAA58736A}.Debug|x86.Build.0 = Debug|Win32
		{6D23AC78-8152-4EC8-8F6B-1FABAA58736A}.Release|x64.ActiveCfg = Release|x64
		{6D23AC78-8152-4EC8-8F6B-1FABAA58736A}.Release|x64.Build.0 = Release|x64
		{6D23AC78-8152-4EC8-8F6B-1FABAA58736A}.Release|x86.ActiveCfg = Release|Win32
		{6D23AC78-8152-4EC8-8F6B-1FABAA58736A}.Release|x86.Build.0 = Release|Win32
		{2D1E879A-9394-4EC6-A9FF-9CC6144505A7}.Debug|x64.ActiveCfg = Debug|x64
		{2D1E879A-9394-4EC6-A9FF-9CC6144505A7}.Debug|x64.Build.0 = Debug|x64
		{2D1E879A-9394-4EC6-A9FF-9CC6144505A7}.Debug|x86.ActiveCfg = Debug|Win32
		{2D1E879A-9394-4EC6-A9FF-9CC6144505A7}.Debug|x86.Build.0 = Debug|Win32
		{2D1E879A-9394-4EC6-A9FF-9CC6144505A7}.Release|x64.ActiveCfg = Release|x64
		{2D1E879A-9394-4EC6-A9FF-9CC6144505A7}.Release|x64.Build.0 = Release|x64
		{2D1E879A-9394-4EC6-A9FF-9CC6144505A7}.Release|x86.ActiveCfg = Release|Win32
		{2D1E879A-9394-4EC6-A9FF-9CC6144505A7}.Release|x86.Build.0 = Release|Win32
		{19D81DB0-57EC-4603-B795-BDD9D0AA5B44}.Debug|x64.ActiveCfg = Debug|x64
		{19D81DB0-57EC-4603-B795-BDD9D0AA5B44}.Debug|x64.Build.0 = Debug|x64
		{19D81DB0-57EC-4603-B795-BDD9D0AA5B44}.Debug|x86.ActiveCfg = Debug|Win32
		{19D81DB0-57EC-4603-B795-BDD9D0AA5B44}.Debug|x86.Build.0 = Debug|Win32
		{19D81DB0-57EC-4603-B795-BDD9D0AA5B44}.Release|x64.ActiveCfg = Release|x64
		{19D81DB0-57EC-4603-B795-BDD9D0AA5B44}.Release|x64.Build.0 = Release|x64
		{19D81DB0-57EC-4603-B795-BDD9D0AA5B44}.Release|x86.ActiveCfg = Release|Win32
		{19D81DB0-57EC-4603-B795-BDD9D0AA5B44}.Release|x86.Build.0 = Release|Win32
		{FFC7E425-0CA5-4374-AEEB-77E7FA825A20}.Debug|x64.ActiveCfg = Debug|x64
		{FFC7E425-0CA5-4374-AEEB-77E7FA825A20}.Debug|x64.Build.0 = Debug|x64
		{FFC7E425-0CA5-4374-AEEB-77E7FA825A20}.Debug|x86.ActiveCfg = Debug|Win32
		{FFC7E425-0CA5-4374-AEEB-77E7FA825A20}.Debug|x86.Build.0 = Debug|Win32
		{FFC7E425-0CA5-4374-AEEB-77E7FA825A20}.Release|x64.ActiveCfg = Release|x64
		{FFC7E425-0CA5-4374-AEEB-77E7FA825A20}.Release|x64.Build.0 = Release|x64
		{FFC7E425-0CA5-4374-AEEB-77E7FA825A20}.Release|x86.ActiveCfg = Release|Win32
		{FFC7E425-0CA5-4374-AEEB-77E7FA825A20}.Release|x86.Build.0 = Release|Win32
		{EF6A901A-B455-4778-B4A2-570907303AE0}.Debug|x64.ActiveCfg = Debug|x64
		{EF6A901A-B455-4778-B4A2-570907303AE0}.Debug|x64.Build.0 = Debug|x64
		{EF6A901A-B455-4778-B4A2-570907303AE0}.Debug|x86.ActiveCfg = Debug|Win32
		{EF6A901A-B455-4778-B4A2-570907303AE0}.Debug|x86.Build.0 = Debug|Win32
		{EF6A901A-B455-4778-B4A2-570907303AE0}.Release|x64.ActiveCfg = Release|x64
		{EF6A901A-B455-4778-B4A2-570907303AE0}.Release|x64.Build.0 = Release|x64
		{EF6A901A-B455-4778-B4A2-570907303AE0}.Release|x86.ActiveCfg = Release|Win32
		{EF6A901A-B455-4778-B4A2-570907303AE0}.Release|x86.Build.0 = Release|Win32
		{E1F90F07-1C76-4CAF-AB9D-346C74A28A56}.Debug|x64.ActiveCfg = Debug|x64
		{E1F90F07-1C76-4CAF-AB9D-346C74A28A56}.Debug|x64.Build.0 = Debug|x64
		{E1F90F07-1C76-4CAF-AB9D-346C74A28A56}.Debug|x86.ActiveCfg = Debug|Win32
		{E1F90F07-1C76-4CAF-AB9D-346C74A28A56}.Debug|x86.Build.0 = Debug|Win32
		{E1F90F07-1C76-4CAF-AB9D-346C74A28A56}.Release|x64.ActiveCfg = Release|x64
		{E1F90F07-1C76-4CAF-AB9D-346C74A28A56}.Release|x64.Build.0 = Release|x64
		{E1F90F07-1C76-4CAF-AB9D-346C74A28A56}.Release|x86.ActiveCfg = Release|Win32
		{E1F90F07-1C76-4CAF-AB9D-346C74A28A56}.Release|x86.Build.0 = Release|Win32
		{C2F0259B-EDB5-4BDF-9551-0A05E67FE98A}.Debug|x64.ActiveCfg = Debug|x64
		{C2F0259B-EDB5-4BDF-9551-0A05E67FE98A}.Debug|x64.Build.0 = Debug|x64
		{C2F0259B-EDB5-4BDF-9551-0A05E67FE98A}.Debug|x86.ActiveCfg = Debug|Win32
		{C2F0259B-EDB5-4BDF-9551-0A05E67FE98A}.Debug|x86.Build.0 = Debug|Win32
		{C2F0259B-EDB5-4BDF-9551-0A05E67FE98A}.Release|x64.ActiveCfg = Release|x64
		{C2F0259B-EDB5-4BDF-9551-0A05E67FE98A}.Release|x64.Build.0 = Release|x64
		{C2F0259B-EDB5-4BDF-9551-0A05E67FE98A}.Release|x86.ActiveCfg = Release|Win32
		{C2F0259B-EDB5-4BDF-9551-0A05E67FE98A}.Release|x86.Build.0 = Release|Win32
		{8845A778-02A6-4C31-B15A-9B1C08F0CB5F}.Debug|x64.ActiveCfg = Debug|x64
		{8845A778-02A6-4C31-B15A-9B1C08F0CB5F}.Debug|x64.Build.0 = Debug|x64
		{8845A778-02A6-4C31-B15A-9B1C08F0CB5F}.Debug|x86.ActiveCfg = Debug|Win32
		{8845A778-02A6-4C31-B15A-9B1C08F0CB5F}.Debug|x86.Build.0 = Debug|Win32
		{8845A778-02A6-4C31-B15A-9B1C08F0CB5F}.Release|x64.ActiveCfg = Release|x64
		{8845A778-02A6-4C31-B15A-9B1C08F0CB5F}.Release|x64.Build.0 = Release|x64
		{8845A778-02A6-4C31-B15A-9B1C08F0CB5F}.Release|x86.ActiveCfg = Release|Win32
		{8845A778-02A6-4C31-B15A-9B1C08F0CB5F}.Release|x86.Build.0 = Release|Win32
		{255E2DB4-03D7-4F91-AF1D-194C01C4FCCF}.Debug|x64.ActiveCfg = Debug|x64
		{255E2DB4-03D7-4F91-AF1D-194C01C4FCCF}.Debug|x64.Build.0 = Debug|x64
		{255E2DB4-03D7-4F91-AF1D-194C01C4FCCF}.Debug|x86.ActiveCfg = Debug|Win32
		{255E2DB4-03D7-4F91-AF1D-194C01C4FCCF}.Debug|x86.Build.0 = Debug|Win32
		{255E2DB4-03D7-4F91-AF1D-194C01C4FCCF}.Release|x64.ActiveCfg = Release|x64
		{255E2DB4-03D7-4F91-AF1D-194C01C4FCCF}.Release|x64.Build.0 = Release|x64
		{255E2DB4-03D7-4F91-AF1D-194C01C4FCCF}.Release|x86.ActiveCfg = Release|Win32
		{255E2DB4-03D7-4F91-AF1D-194C01C4FCCF}.Release|x86.Build.0 = Release|Win32
		{F770B79F-74B7-441E-A20E-7D2BF7505E23}.Debug|x64.ActiveCfg = Debug|x64
		{F770B79F-74B7-441E-A20E-7D2BF7505E23}.Debug|x64.Build.0 = Debug|x64
		{F770B79F-74B7-441E-A20E-7D2BF7505E23}.Debug|x86.ActiveCfg = Debug|Win32
		{F770B79F-74B7-441E-A20E-7D2BF7505E23}.Debug|x86.Build.0 = Debug|Win32
		{F770B79F-74B7-441E-A20E-7D2BF7505E23}.Release|x64.ActiveCfg = Release|x64
		{F770B79F-74B7-441E-A20E-7D2BF7505E23}.Release|x64.Build.0 = Release|x64
		{F770B79F-74B7-441E-A20E-7D2BF7505E23}.Release|x86.ActiveCfg = Release|Win32
		{F770B79F-74B7-441E-A20E-7D2BF7505E23}.Release|x86.Build.0 = Release|Win32
		{60C6E1C4-F39A-41A5-8DE9-FCC94A38950A}.Debug|x64.ActiveCfg = Debug|x64
		{60C6E1C4-F39A-41A5-8DE9-FCC94A38950A}.Debug|x64.Build.0 = Debug|x64
		{60C6E1C4-F39A-41A5-8DE9-FCC94A38950A}.Debug|x86.ActiveCfg = Debug|Win32
		{60C6E1C4-F39A-41A5-8DE9-FCC94A38950A}.Debug|x86.Build.0 = Debug|Win32
		{60C6E1C4-F39A-41A5-8DE9-FCC94A38950A}.Release|x64.ActiveCfg = Release|x64
		{60C6E1C4-F39A-41A5-8DE9-FCC94A38950A}.Release|x64.Build.0 = Release|x64
		{60C6E1C4-F39A-41A5-8DE9-FCC94A38950A}.Release|x86.ActiveCfg = Release|Win32
		{60C6E1C4-F39A-41A5-8DE9-FCC94A38950A}.Release|x86.Build.0 = Release|Win32
		{96C186E4-E94B-4DAB-839C-83288E96ED60}.Debug|x64.ActiveCfg = Debug|x64
		{96C186E4-E94B-4DAB-839C-83288E96ED60}.Debug|x64.Build.0 = Debug|x64
		{96C186E4-E94B-4DAB-839C-83288E96ED60}.Debug|x86.ActiveCfg = Debug|Win32
		{96C186E4-E94B-4DAB-839C-83288E96ED60}.Debug|x86.Build.0 = Debug|Win32
		{96C186E4-E94B-4DAB-839C-83288E96ED60}.Release|x64.ActiveCfg = Release|x64
		{96C186E4-E94B-4DAB-839C-83288E96ED60}.Release|x64.Build.0 = Release|x64
		{96C186E4-E94B-4DAB-839C-83288E96ED60}.Release|x86.ActiveCfg = Release|Win32
		{96C186E4-E94B-4DAB-839C-83288E96ED60}.Release|x86.Build.0 = Release|Win32
		{591089B3-BF69-4E77-AEB9-6B25525FAEA8}.Debug|x64.ActiveCfg = Debug|x64
		{591089B3-BF69-4E77-AEB9-6B25525FAEA8}.Debug|x64.Build.0 = Debug|x64
		{591089B3-BF69-4E77-AEB9-6B25525FAEA8}.Debug|x86.ActiveCfg = Debug|Win32
		{591089B3-BF69-4E77-AEB9-6B25525FAEA8}.Debug|x86.Build.0 = Debug|Win32
		{591089B3-BF69-4E77-AEB9-6B25525FAEA8}.Release|x64.ActiveCfg = Release|x64
		{591089B3-BF69-4E77-AEB9-6B25525FAEA8}.Release|x64.Build.0 = Release|x64
		{591089B3-BF69-4E77-AEB9-6B25525FAEA8}.Release|x86.ActiveCfg = Release|Win32
		{591089B3-BF69-4E77-AEB9-6B25525FAEA8}.Release|x86.Build.0 = Release|Win32
		{9157AFFE-BC8E-4EFE-98BF-E5E323723FB2}.Debug|x64.ActiveCfg = Debug|x64
		{9157AFFE-BC8E-4EFE-98BF-E5E323723FB2}.Debug|x64.Build.0 = Debug|x64
		{9157AFFE-BC8E-4EFE-98BF-E5E323723FB2}.Debug|x86.ActiveCfg = Debug|Win32
		{9157AFFE-BC8E-4EFE-98BF-E5E323723FB2}.Debug|x86.Build.0 = Debug|Win32
		{9157AFFE-BC8E-4EFE-98BF-E5E323723FB2}.Release|x64.ActiveCfg = Release|x64
		{9157AFFE-BC8E-4EFE-98BF-E5E323723FB2}.Release|x64.Build.0 = Release|x64
		{9157AFFE-BC8E-4EFE-98BF-E5E323723FB2}.Release|x86.ActiveCfg = Release|Win32
		{9157AFFE-BC8E-4EFE-98BF-E5E323723FB2}.Release|x86.Build.0 = Release|Win32
	EndGlobalSection
	GlobalSection(SolutionProperties) = preSolution
		HideSolutionNode = FALSE
	EndGlobalSection
	GlobalSection(NestedProjects) = preSolution
		{F8354BA3-DB06-4C6D-B0EA-5793AC13ADF0} = {FD27575C-B98B-4D0C-B631-4204024E2D97}
		{72B78B0B-9FC4-48F0-A781-6FAB4FE53EEF} = {FD27575C-B98B-4D0C-B631-4204024E2D97}
		{2F035A50-89C1-4C79-85A2-DEE7D19DE6C6} = {FD27575C-B98B-4D0C-B631-4204024E2D97}
		{85121647-6A2F-44B9-B11A-53D639D1D154} = {FD27575C-B98B-4D0C-B631-4204024E2D97}
		{2116A532-4152-4ABD-BD93-145CA1BF3FED} = {FD27575C-B98B-4D0C-B631-4204024E2D97}
		{756BA680-124D-4A70-AE58-9CA53F43AB6E} = {17AED86E-00FC-4979-9CA2-BA3939D34334}
		{03931D55-18D1-4EA7-B593-E5F5764F6294} = {17AED86E-00FC-4979-9CA2-BA3939D34334}
		{CE07FBD5-83A4-412F-B4CF-9D68C716D91C} = {17AED86E-00FC-4979-9CA2-BA3939D34334}
		{E7D4F7D5-6A89-4000-9C74-48278326AC16} = {17AED86E-00FC-4979-9CA2-BA3939D34334}
		{37781346-920B-4152-A7E8-1C7BB42E6316} = {96D83774-0399-45F8-8DE4-43DE5F6FD00E}
		{8E56F2B5-6A54-41CB-A7DD-2CE971D7983F} = {D0256A82-D3EB-4F17-9215-64B110291943}
		{D0256A82-D3EB-4F17-9215-64B110291943} = {96D83774-0399-45F8-8DE4-43DE5F6FD00E}
		{B9E86673-34EE-46FB-BD8B-617640E483F9} = {37781346-920B-4152-A7E8-1C7BB42E6316}
		{F8979F5E-4CE3-49E6-B6A9-ABE06827735A} = {D0256A82-D3EB-4F17-9215-64B110291943}
		{58448F6C-D62E-4A1E-9E7E-05B3D61A1B5A} = {D0256A82-D3EB-4F17-9215-64B110291943}
		{6D23AC78-8152-4EC8-8F6B-1FABAA58736A} = {D0256A82-D3EB-4F17-9215-64B110291943}
		{2D1E879A-9394-4EC6-A9FF-9CC6144505A7} = {D0256A82-D3EB-4F17-9215-64B110291943}
		{19D81DB0-57EC-4603-B795-BDD9D0AA5B44} = {D0256A82-D3EB-4F17-9215-64B110291943}
		{C72DAD0D-5166-40F0-8B5B-B09F090EE8C0} = {96D83774-0399-45F8-8DE4-43DE5F6FD00E}
		{FFC7E425-0CA5-4374-AEEB-77E7FA825A20} = {C72DAD0D-5166-40F0-8B5B-B09F090EE8C0}
		{63BB49FF-66E6-418C-86C1-957C92B5F31E} = {96D83774-0399-45F8-8DE4-43DE5F6FD00E}
		{EF6A901A-B455-4778-B4A2-570907303AE0} = {C72DAD0D-5166-40F0-8B5B-B09F090EE8C0}
		{E1F90F07-1C76-4CAF-AB9D-346C74A28A56} = {D0256A82-D3EB-4F17-9215-64B110291943}
		{365908AA-FC1B-4EEE-B6FD-7C822098917E} = {63BB49FF-66E6-418C-86C1-957C92B5F31E}
		{3027787D-E4B6-4A0C-98C9-583EB2940E2A} = {63BB49FF-66E6-418C-86C1-957C92B5F31E}
		{1A3DF828-0BA2-4731-B6F6-ED6E6F934C48} = {63BB49FF-66E6-418C-86C1-957C92B5F31E}
		{D818B2AF-4A8A-4F60-AD0F-BD809D5D9176} = {63BB49FF-66E6-418C-86C1-957C92B5F31E}
		{AFABB5B2-2538-41F4-8800-7F83B5D79E7A} = {63BB49FF-66E6-418C-86C1-957C92B5F31E}
		{C2F0259B-EDB5-4BDF-9551-0A05E67FE98A} = {AFABB5B2-2538-41F4-8800-7F83B5D79E7A}
		{8845A778-02A6-4C31-B15A-9B1C08F0CB5F} = {D818B2AF-4A8A-4F60-AD0F-BD809D5D9176}
		{255E2DB4-03D7-4F91-AF1D-194C01C4FCCF} = {1A3DF828-0BA2-4731-B6F6-ED6E6F934C48}
		{F770B79F-74B7-441E-A20E-7D2BF7505E23} = {D0256A82-D3EB-4F17-9215-64B110291943}
		{60C6E1C4-F39A-41A5-8DE9-FCC94A38950A} = {D0256A82-D3EB-4F17-9215-64B110291943}
		{96C186E4-E94B-4DAB-839C-83288E96ED60} = {C72DAD0D-5166-40F0-8B5B-B09F090EE8C0}
		{591089B3-BF69-4E77-AEB9-6B25525FAEA8} = {37781346-920B-4152-A7E8-1C7BB42E6316}
		{9157AFFE-BC8E-4EFE-98BF-E5E323723FB2} = {37781346-920B-4152-A7E8-1C7BB42E6316}
	EndGlobalSection
	GlobalSection(ExtensibilityGlobals) = postSolution
		SolutionGuid = {8A81BC72-C5B8-475E-943A-7889CC8AE3D9}
	EndGlobalSection
EndGlobal
